// !$*UTF8*$!
{
	archiveVersion = 1;
	classes = {
	};
	objectVersion = 46;
	objects = {

/* Begin PBXBuildFile section */
		870627AB1F269D3D007052DF /* ChatManager.swift in Sources */ = {isa = PBXBuildFile; fileRef = 870627AA1F269D3D007052DF /* ChatManager.swift */; };
		8725F40D1F2163070007E948 /* ChatManager+ChatDelegate.swift in Sources */ = {isa = PBXBuildFile; fileRef = 8725F40C1F2163070007E948 /* ChatManager+ChatDelegate.swift */; };
		8738C9911F22626500C2D9BE /* SurveyViewController.swift in Sources */ = {isa = PBXBuildFile; fileRef = 8738C9901F22626500C2D9BE /* SurveyViewController.swift */; };
		87B2A4931F2678FC007299E5 /* CocoaLumberjack.framework in Frameworks */ = {isa = PBXBuildFile; fileRef = 87B2A4871F2678D0007299E5 /* CocoaLumberjack.framework */; };
		87B2A4941F2678FC007299E5 /* CocoaLumberjack.framework in Embed Frameworks */ = {isa = PBXBuildFile; fileRef = 87B2A4871F2678D0007299E5 /* CocoaLumberjack.framework */; settings = {ATTRIBUTES = (CodeSignOnCopy, RemoveHeadersOnCopy, ); }; };
		87B2A4951F2678FC007299E5 /* SalesforceAnalytics.framework in Frameworks */ = {isa = PBXBuildFile; fileRef = 87B2A4881F2678D0007299E5 /* SalesforceAnalytics.framework */; };
		87B2A4961F2678FC007299E5 /* SalesforceAnalytics.framework in Embed Frameworks */ = {isa = PBXBuildFile; fileRef = 87B2A4881F2678D0007299E5 /* SalesforceAnalytics.framework */; settings = {ATTRIBUTES = (CodeSignOnCopy, RemoveHeadersOnCopy, ); }; };
		87B2A4971F2678FC007299E5 /* SalesforceSDKCore.framework in Frameworks */ = {isa = PBXBuildFile; fileRef = 87B2A48B1F2678D0007299E5 /* SalesforceSDKCore.framework */; };
		87B2A4981F2678FC007299E5 /* SalesforceSDKCore.framework in Embed Frameworks */ = {isa = PBXBuildFile; fileRef = 87B2A48B1F2678D0007299E5 /* SalesforceSDKCore.framework */; settings = {ATTRIBUTES = (CodeSignOnCopy, RemoveHeadersOnCopy, ); }; };
		87B2A4991F2678FC007299E5 /* SmartStore.framework in Frameworks */ = {isa = PBXBuildFile; fileRef = 87B2A48C1F2678D0007299E5 /* SmartStore.framework */; };
		87B2A49A1F2678FC007299E5 /* SmartStore.framework in Embed Frameworks */ = {isa = PBXBuildFile; fileRef = 87B2A48C1F2678D0007299E5 /* SmartStore.framework */; settings = {ATTRIBUTES = (CodeSignOnCopy, RemoveHeadersOnCopy, ); }; };
		87B2A49B1F2678FC007299E5 /* ServiceChat.framework in Frameworks */ = {isa = PBXBuildFile; fileRef = 87B2A48F1F2678D0007299E5 /* ServiceChat.framework */; };
		87B2A49C1F2678FC007299E5 /* ServiceChat.framework in Embed Frameworks */ = {isa = PBXBuildFile; fileRef = 87B2A48F1F2678D0007299E5 /* ServiceChat.framework */; settings = {ATTRIBUTES = (CodeSignOnCopy, RemoveHeadersOnCopy, ); }; };
		87B2A49D1F2678FC007299E5 /* ServiceCore.framework in Frameworks */ = {isa = PBXBuildFile; fileRef = 87B2A4901F2678D0007299E5 /* ServiceCore.framework */; };
		87B2A49E1F2678FC007299E5 /* ServiceCore.framework in Embed Frameworks */ = {isa = PBXBuildFile; fileRef = 87B2A4901F2678D0007299E5 /* ServiceCore.framework */; settings = {ATTRIBUTES = (CodeSignOnCopy, RemoveHeadersOnCopy, ); }; };
		87C375CB1F215F3700E4FAB0 /* AppDelegate.swift in Sources */ = {isa = PBXBuildFile; fileRef = 87C375CA1F215F3700E4FAB0 /* AppDelegate.swift */; };
		87C375CD1F215F3700E4FAB0 /* ViewController.swift in Sources */ = {isa = PBXBuildFile; fileRef = 87C375CC1F215F3700E4FAB0 /* ViewController.swift */; };
		87C375D01F215F3700E4FAB0 /* Main.storyboard in Resources */ = {isa = PBXBuildFile; fileRef = 87C375CE1F215F3700E4FAB0 /* Main.storyboard */; };
		87C375D21F215F3700E4FAB0 /* Assets.xcassets in Resources */ = {isa = PBXBuildFile; fileRef = 87C375D11F215F3700E4FAB0 /* Assets.xcassets */; };
		87C375D51F215F3700E4FAB0 /* LaunchScreen.storyboard in Resources */ = {isa = PBXBuildFile; fileRef = 87C375D31F215F3700E4FAB0 /* LaunchScreen.storyboard */; };
/* End PBXBuildFile section */

/* Begin PBXCopyFilesBuildPhase section */
		8725F3F61F21624F0007E948 /* Embed Frameworks */ = {
			isa = PBXCopyFilesBuildPhase;
			buildActionMask = 2147483647;
			dstPath = "";
			dstSubfolderSpec = 10;
			files = (
				87B2A49A1F2678FC007299E5 /* SmartStore.framework in Embed Frameworks */,
				87B2A49E1F2678FC007299E5 /* ServiceCore.framework in Embed Frameworks */,
				87B2A4981F2678FC007299E5 /* SalesforceSDKCore.framework in Embed Frameworks */,
				87B2A4961F2678FC007299E5 /* SalesforceAnalytics.framework in Embed Frameworks */,
				87B2A49C1F2678FC007299E5 /* ServiceChat.framework in Embed Frameworks */,
				87B2A4941F2678FC007299E5 /* CocoaLumberjack.framework in Embed Frameworks */,
			);
			name = "Embed Frameworks";
			runOnlyForDeploymentPostprocessing = 0;
		};
/* End PBXCopyFilesBuildPhase section */

/* Begin PBXFileReference section */
		870627AA1F269D3D007052DF /* ChatManager.swift */ = {isa = PBXFileReference; fileEncoding = 4; lastKnownFileType = sourcecode.swift; path = ChatManager.swift; sourceTree = "<group>"; };
		8725F40C1F2163070007E948 /* ChatManager+ChatDelegate.swift */ = {isa = PBXFileReference; fileEncoding = 4; lastKnownFileType = sourcecode.swift; path = "ChatManager+ChatDelegate.swift"; sourceTree = "<group>"; };
		8738C9901F22626500C2D9BE /* SurveyViewController.swift */ = {isa = PBXFileReference; fileEncoding = 4; lastKnownFileType = sourcecode.swift; path = SurveyViewController.swift; sourceTree = "<group>"; };
		87B2A4871F2678D0007299E5 /* CocoaLumberjack.framework */ = {isa = PBXFileReference; lastKnownFileType = wrapper.framework; path = CocoaLumberjack.framework; sourceTree = "<group>"; };
		87B2A4881F2678D0007299E5 /* SalesforceAnalytics.framework */ = {isa = PBXFileReference; lastKnownFileType = wrapper.framework; path = SalesforceAnalytics.framework; sourceTree = "<group>"; };
		87B2A48B1F2678D0007299E5 /* SalesforceSDKCore.framework */ = {isa = PBXFileReference; lastKnownFileType = wrapper.framework; path = SalesforceSDKCore.framework; sourceTree = "<group>"; };
		87B2A48C1F2678D0007299E5 /* SmartStore.framework */ = {isa = PBXFileReference; lastKnownFileType = wrapper.framework; path = SmartStore.framework; sourceTree = "<group>"; };
		87B2A48F1F2678D0007299E5 /* ServiceChat.framework */ = {isa = PBXFileReference; lastKnownFileType = wrapper.framework; path = ServiceChat.framework; sourceTree = "<group>"; };
		87B2A4901F2678D0007299E5 /* ServiceCore.framework */ = {isa = PBXFileReference; lastKnownFileType = wrapper.framework; path = ServiceCore.framework; sourceTree = "<group>"; };
		87C375C71F215F3700E4FAB0 /* SnapinsChatSurvey.app */ = {isa = PBXFileReference; explicitFileType = wrapper.application; includeInIndex = 0; path = SnapinsChatSurvey.app; sourceTree = BUILT_PRODUCTS_DIR; };
		87C375CA1F215F3700E4FAB0 /* AppDelegate.swift */ = {isa = PBXFileReference; lastKnownFileType = sourcecode.swift; path = AppDelegate.swift; sourceTree = "<group>"; };
		87C375CC1F215F3700E4FAB0 /* ViewController.swift */ = {isa = PBXFileReference; lastKnownFileType = sourcecode.swift; path = ViewController.swift; sourceTree = "<group>"; };
		87C375CF1F215F3700E4FAB0 /* Base */ = {isa = PBXFileReference; lastKnownFileType = file.storyboard; name = Base; path = Base.lproj/Main.storyboard; sourceTree = "<group>"; };
		87C375D11F215F3700E4FAB0 /* Assets.xcassets */ = {isa = PBXFileReference; lastKnownFileType = folder.assetcatalog; path = Assets.xcassets; sourceTree = "<group>"; };
		87C375D41F215F3700E4FAB0 /* Base */ = {isa = PBXFileReference; lastKnownFileType = file.storyboard; name = Base; path = Base.lproj/LaunchScreen.storyboard; sourceTree = "<group>"; };
		87C375D61F215F3700E4FAB0 /* Info.plist */ = {isa = PBXFileReference; lastKnownFileType = text.plist.xml; path = Info.plist; sourceTree = "<group>"; };
/* End PBXFileReference section */

/* Begin PBXFrameworksBuildPhase section */
		87C375C41F215F3700E4FAB0 /* Frameworks */ = {
			isa = PBXFrameworksBuildPhase;
			buildActionMask = 2147483647;
			files = (
				87B2A4991F2678FC007299E5 /* SmartStore.framework in Frameworks */,
				87B2A49D1F2678FC007299E5 /* ServiceCore.framework in Frameworks */,
				87B2A4971F2678FC007299E5 /* SalesforceSDKCore.framework in Frameworks */,
				87B2A4951F2678FC007299E5 /* SalesforceAnalytics.framework in Frameworks */,
				87B2A49B1F2678FC007299E5 /* ServiceChat.framework in Frameworks */,
				87B2A4931F2678FC007299E5 /* CocoaLumberjack.framework in Frameworks */,
			);
			runOnlyForDeploymentPostprocessing = 0;
		};
/* End PBXFrameworksBuildPhase section */

/* Begin PBXGroup section */
		87B2A4841F2678D0007299E5 /* Frameworks */ = {
			isa = PBXGroup;
			children = (
				87B2A4861F2678D0007299E5 /* SalesforceMobileSDK */,
				87B2A48F1F2678D0007299E5 /* ServiceChat.framework */,
				87B2A4901F2678D0007299E5 /* ServiceCore.framework */,
			);
			name = Frameworks;
			path = ../../Frameworks;
			sourceTree = "<group>";
		};
		87B2A4861F2678D0007299E5 /* SalesforceMobileSDK */ = {
			isa = PBXGroup;
			children = (
				87B2A4871F2678D0007299E5 /* CocoaLumberjack.framework */,
				87B2A4881F2678D0007299E5 /* SalesforceAnalytics.framework */,
				87B2A48B1F2678D0007299E5 /* SalesforceSDKCore.framework */,
				87B2A48C1F2678D0007299E5 /* SmartStore.framework */,
			);
			path = SalesforceMobileSDK;
			sourceTree = "<group>";
		};
		87C375BE1F215F3700E4FAB0 = {
			isa = PBXGroup;
			children = (
				87C375C91F215F3700E4FAB0 /* SnapinsChatSurvey */,
				87C375C81F215F3700E4FAB0 /* Products */,
				87B2A4841F2678D0007299E5 /* Frameworks */,
			);
			sourceTree = "<group>";
		};
		87C375C81F215F3700E4FAB0 /* Products */ = {
			isa = PBXGroup;
			children = (
				87C375C71F215F3700E4FAB0 /* SnapinsChatSurvey.app */,
			);
			name = Products;
			sourceTree = "<group>";
		};
		87C375C91F215F3700E4FAB0 /* SnapinsChatSurvey */ = {
			isa = PBXGroup;
			children = (
				87C375CA1F215F3700E4FAB0 /* AppDelegate.swift */,
				87C375CC1F215F3700E4FAB0 /* ViewController.swift */,
				870627AA1F269D3D007052DF /* ChatManager.swift */,
				8725F40C1F2163070007E948 /* ChatManager+ChatDelegate.swift */,
				8738C9901F22626500C2D9BE /* SurveyViewController.swift */,
				87C375CE1F215F3700E4FAB0 /* Main.storyboard */,
				87C375D11F215F3700E4FAB0 /* Assets.xcassets */,
				87C375D31F215F3700E4FAB0 /* LaunchScreen.storyboard */,
				87C375D61F215F3700E4FAB0 /* Info.plist */,
			);
			path = SnapinsChatSurvey;
			sourceTree = "<group>";
		};
/* End PBXGroup section */

/* Begin PBXNativeTarget section */
		87C375C61F215F3700E4FAB0 /* SnapinsChatSurvey */ = {
			isa = PBXNativeTarget;
			buildConfigurationList = 87C375D91F215F3700E4FAB0 /* Build configuration list for PBXNativeTarget "SnapinsChatSurvey" */;
			buildPhases = (
				87C375C31F215F3700E4FAB0 /* Sources */,
				87C375C41F215F3700E4FAB0 /* Frameworks */,
				87C375C51F215F3700E4FAB0 /* Resources */,
				8725F3F61F21624F0007E948 /* Embed Frameworks */,
			);
			buildRules = (
			);
			dependencies = (
			);
			name = SnapinsChatSurvey;
			productName = SnapinsChatSurvey;
			productReference = 87C375C71F215F3700E4FAB0 /* SnapinsChatSurvey.app */;
			productType = "com.apple.product-type.application";
		};
/* End PBXNativeTarget section */

/* Begin PBXProject section */
		87C375BF1F215F3700E4FAB0 /* Project object */ = {
			isa = PBXProject;
			attributes = {
				LastSwiftUpdateCheck = 0830;
				LastUpgradeCheck = 0830;
				ORGANIZATIONNAME = Salesforce;
				TargetAttributes = {
					87C375C61F215F3700E4FAB0 = {
						CreatedOnToolsVersion = 8.3.3;
						ProvisioningStyle = Automatic;
					};
				};
			};
			buildConfigurationList = 87C375C21F215F3700E4FAB0 /* Build configuration list for PBXProject "SnapinsChatSurvey" */;
			compatibilityVersion = "Xcode 3.2";
			developmentRegion = English;
			hasScannedForEncodings = 0;
			knownRegions = (
				en,
				Base,
			);
			mainGroup = 87C375BE1F215F3700E4FAB0;
			productRefGroup = 87C375C81F215F3700E4FAB0 /* Products */;
			projectDirPath = "";
			projectRoot = "";
			targets = (
				87C375C61F215F3700E4FAB0 /* SnapinsChatSurvey */,
			);
		};
/* End PBXProject section */

/* Begin PBXResourcesBuildPhase section */
		87C375C51F215F3700E4FAB0 /* Resources */ = {
			isa = PBXResourcesBuildPhase;
			buildActionMask = 2147483647;
			files = (
				87C375D51F215F3700E4FAB0 /* LaunchScreen.storyboard in Resources */,
				87C375D21F215F3700E4FAB0 /* Assets.xcassets in Resources */,
				87C375D01F215F3700E4FAB0 /* Main.storyboard in Resources */,
			);
			runOnlyForDeploymentPostprocessing = 0;
		};
/* End PBXResourcesBuildPhase section */

/* Begin PBXSourcesBuildPhase section */
		87C375C31F215F3700E4FAB0 /* Sources */ = {
			isa = PBXSourcesBuildPhase;
			buildActionMask = 2147483647;
			files = (
				870627AB1F269D3D007052DF /* ChatManager.swift in Sources */,
				87C375CD1F215F3700E4FAB0 /* ViewController.swift in Sources */,
				8725F40D1F2163070007E948 /* ChatManager+ChatDelegate.swift in Sources */,
				87C375CB1F215F3700E4FAB0 /* AppDelegate.swift in Sources */,
				8738C9911F22626500C2D9BE /* SurveyViewController.swift in Sources */,
			);
			runOnlyForDeploymentPostprocessing = 0;
		};
/* End PBXSourcesBuildPhase section */

/* Begin PBXVariantGroup section */
		87C375CE1F215F3700E4FAB0 /* Main.storyboard */ = {
			isa = PBXVariantGroup;
			children = (
				87C375CF1F215F3700E4FAB0 /* Base */,
			);
			name = Main.storyboard;
			sourceTree = "<group>";
		};
		87C375D31F215F3700E4FAB0 /* LaunchScreen.storyboard */ = {
			isa = PBXVariantGroup;
			children = (
				87C375D41F215F3700E4FAB0 /* Base */,
			);
			name = LaunchScreen.storyboard;
			sourceTree = "<group>";
		};
/* End PBXVariantGroup section */

/* Begin XCBuildConfiguration section */
		87C375D71F215F3700E4FAB0 /* Debug */ = {
			isa = XCBuildConfiguration;
			buildSettings = {
				ALWAYS_SEARCH_USER_PATHS = NO;
				CLANG_ANALYZER_NONNULL = YES;
				CLANG_ANALYZER_NUMBER_OBJECT_CONVERSION = YES_AGGRESSIVE;
				CLANG_CXX_LANGUAGE_STANDARD = "gnu++0x";
				CLANG_CXX_LIBRARY = "libc++";
				CLANG_ENABLE_MODULES = YES;
				CLANG_ENABLE_OBJC_ARC = YES;
				CLANG_WARN_BOOL_CONVERSION = YES;
				CLANG_WARN_CONSTANT_CONVERSION = YES;
				CLANG_WARN_DIRECT_OBJC_ISA_USAGE = YES_ERROR;
				CLANG_WARN_DOCUMENTATION_COMMENTS = YES;
				CLANG_WARN_EMPTY_BODY = YES;
				CLANG_WARN_ENUM_CONVERSION = YES;
				CLANG_WARN_INFINITE_RECURSION = YES;
				CLANG_WARN_INT_CONVERSION = YES;
				CLANG_WARN_OBJC_ROOT_CLASS = YES_ERROR;
				CLANG_WARN_SUSPICIOUS_MOVE = YES;
				CLANG_WARN_UNREACHABLE_CODE = YES;
				CLANG_WARN__DUPLICATE_METHOD_MATCH = YES;
				"CODE_SIGN_IDENTITY[sdk=iphoneos*]" = "iPhone Developer";
				COPY_PHASE_STRIP = NO;
				DEBUG_INFORMATION_FORMAT = dwarf;
				ENABLE_STRICT_OBJC_MSGSEND = YES;
				ENABLE_TESTABILITY = YES;
				GCC_C_LANGUAGE_STANDARD = gnu99;
				GCC_DYNAMIC_NO_PIC = NO;
				GCC_NO_COMMON_BLOCKS = YES;
				GCC_OPTIMIZATION_LEVEL = 0;
				GCC_PREPROCESSOR_DEFINITIONS = (
					"DEBUG=1",
					"$(inherited)",
				);
				GCC_WARN_64_TO_32_BIT_CONVERSION = YES;
				GCC_WARN_ABOUT_RETURN_TYPE = YES_ERROR;
				GCC_WARN_UNDECLARED_SELECTOR = YES;
				GCC_WARN_UNINITIALIZED_AUTOS = YES_AGGRESSIVE;
				GCC_WARN_UNUSED_FUNCTION = YES;
				GCC_WARN_UNUSED_VARIABLE = YES;
				IPHONEOS_DEPLOYMENT_TARGET = 10.3;
				MTL_ENABLE_DEBUG_INFO = YES;
				ONLY_ACTIVE_ARCH = YES;
				SDKROOT = iphoneos;
				SWIFT_ACTIVE_COMPILATION_CONDITIONS = DEBUG;
				SWIFT_OPTIMIZATION_LEVEL = "-Onone";
				TARGETED_DEVICE_FAMILY = "1,2";
			};
			name = Debug;
		};
		87C375D81F215F3700E4FAB0 /* Release */ = {
			isa = XCBuildConfiguration;
			buildSettings = {
				ALWAYS_SEARCH_USER_PATHS = NO;
				CLANG_ANALYZER_NONNULL = YES;
				CLANG_ANALYZER_NUMBER_OBJECT_CONVERSION = YES_AGGRESSIVE;
				CLANG_CXX_LANGUAGE_STANDARD = "gnu++0x";
				CLANG_CXX_LIBRARY = "libc++";
				CLANG_ENABLE_MODULES = YES;
				CLANG_ENABLE_OBJC_ARC = YES;
				CLANG_WARN_BOOL_CONVERSION = YES;
				CLANG_WARN_CONSTANT_CONVERSION = YES;
				CLANG_WARN_DIRECT_OBJC_ISA_USAGE = YES_ERROR;
				CLANG_WARN_DOCUMENTATION_COMMENTS = YES;
				CLANG_WARN_EMPTY_BODY = YES;
				CLANG_WARN_ENUM_CONVERSION = YES;
				CLANG_WARN_INFINITE_RECURSION = YES;
				CLANG_WARN_INT_CONVERSION = YES;
				CLANG_WARN_OBJC_ROOT_CLASS = YES_ERROR;
				CLANG_WARN_SUSPICIOUS_MOVE = YES;
				CLANG_WARN_UNREACHABLE_CODE = YES;
				CLANG_WARN__DUPLICATE_METHOD_MATCH = YES;
				"CODE_SIGN_IDENTITY[sdk=iphoneos*]" = "iPhone Developer";
				COPY_PHASE_STRIP = NO;
				DEBUG_INFORMATION_FORMAT = "dwarf-with-dsym";
				ENABLE_NS_ASSERTIONS = NO;
				ENABLE_STRICT_OBJC_MSGSEND = YES;
				GCC_C_LANGUAGE_STANDARD = gnu99;
				GCC_NO_COMMON_BLOCKS = YES;
				GCC_WARN_64_TO_32_BIT_CONVERSION = YES;
				GCC_WARN_ABOUT_RETURN_TYPE = YES_ERROR;
				GCC_WARN_UNDECLARED_SELECTOR = YES;
				GCC_WARN_UNINITIALIZED_AUTOS = YES_AGGRESSIVE;
				GCC_WARN_UNUSED_FUNCTION = YES;
				GCC_WARN_UNUSED_VARIABLE = YES;
				IPHONEOS_DEPLOYMENT_TARGET = 10.3;
				MTL_ENABLE_DEBUG_INFO = NO;
				SDKROOT = iphoneos;
				SWIFT_OPTIMIZATION_LEVEL = "-Owholemodule";
				TARGETED_DEVICE_FAMILY = "1,2";
				VALIDATE_PRODUCT = YES;
			};
			name = Release;
		};
		87C375DA1F215F3700E4FAB0 /* Debug */ = {
			isa = XCBuildConfiguration;
			buildSettings = {
				ASSETCATALOG_COMPILER_APPICON_NAME = AppIcon;
				FRAMEWORK_SEARCH_PATHS = (
					"$(inherited)",
					"$(PROJECT_DIR)/../../Frameworks",
					"$(PROJECT_DIR)/../../Frameworks/SalesforceMobileSDK",
					"$(PROJECT_DIR)",
				);
				INFOPLIST_FILE = SnapinsChatSurvey/Info.plist;
				LD_RUNPATH_SEARCH_PATHS = "$(inherited) @executable_path/Frameworks";
				PRODUCT_BUNDLE_IDENTIFIER = sf.SnapinsChatSurvey;
				PRODUCT_NAME = "$(TARGET_NAME)";
				SWIFT_VERSION = 3.0;
			};
			name = Debug;
		};
		87C375DB1F215F3700E4FAB0 /* Release */ = {
			isa = XCBuildConfiguration;
			buildSettings = {
				ASSETCATALOG_COMPILER_APPICON_NAME = AppIcon;
				FRAMEWORK_SEARCH_PATHS = (
					"$(inherited)",
					"$(PROJECT_DIR)/../../Frameworks",
					"$(PROJECT_DIR)/../../Frameworks/SalesforceMobileSDK",
					"$(PROJECT_DIR)",
				);
				INFOPLIST_FILE = SnapinsChatSurvey/Info.plist;
				LD_RUNPATH_SEARCH_PATHS = "$(inherited) @executable_path/Frameworks";
				PRODUCT_BUNDLE_IDENTIFIER = sf.SnapinsChatSurvey;
				PRODUCT_NAME = "$(TARGET_NAME)";
				SWIFT_VERSION = 3.0;
			};
			name = Release;
		};
/* End XCBuildConfiguration section */

/* Begin XCConfigurationList section */
		87C375C21F215F3700E4FAB0 /* Build configuration list for PBXProject "SnapinsChatSurvey" */ = {
			isa = XCConfigurationList;
			buildConfigurations = (
				87C375D71F215F3700E4FAB0 /* Debug */,
				87C375D81F215F3700E4FAB0 /* Release */,
			);
			defaultConfigurationIsVisible = 0;
			defaultConfigurationName = Release;
		};
		87C375D91F215F3700E4FAB0 /* Build configuration list for PBXNativeTarget "SnapinsChatSurvey" */ = {
			isa = XCConfigurationList;
			buildConfigurations = (
				87C375DA1F215F3700E4FAB0 /* Debug */,
				87C375DB1F215F3700E4FAB0 /* Release */,
			);
			defaultConfigurationIsVisible = 0;
			defaultConfigurationName = Release;
		};
/* End XCConfigurationList section */
	};
	rootObject = 87C375BF1F215F3700E4FAB0 /* Project object */;
}
